{
  "version": 4,
  "terraform_version": "1.3.2",
  "serial": 37,
  "lineage": "9e358d62-cc2e-9ac8-2f58-d4f9ffe47dbb",
  "outputs": {
    "vmss_public_ip": {
      "value": "clwkql.northeurope.cloudapp.azure.com",
      "type": "string"
    }
  },
  "resources": [
    {
      "mode": "managed",
      "type": "azurerm_lb",
      "name": "vmss",
      "provider": "provider[\"registry.terraform.io/hashicorp/azurerm\"]",
      "instances": [
        {
          "schema_version": 0,
          "attributes": {
            "edge_zone": "",
            "frontend_ip_configuration": [
              {
                "gateway_load_balancer_frontend_ip_configuration_id": "",
                "id": "/subscriptions/e09de60a-277c-457b-a89e-5aef32546d28/resourceGroups/VMSS/providers/Microsoft.Network/loadBalancers/vmss-lb/frontendIPConfigurations/PublicIPAddress",
                "inbound_nat_rules": [],
                "load_balancer_rules": [],
                "name": "PublicIPAddress",
                "outbound_rules": [],
                "private_ip_address": "",
                "private_ip_address_allocation": "Dynamic",
                "private_ip_address_version": "",
                "public_ip_address_id": "/subscriptions/e09de60a-277c-457b-a89e-5aef32546d28/resourceGroups/VMSS/providers/Microsoft.Network/publicIPAddresses/vmss-public-ip",
                "public_ip_prefix_id": "",
                "subnet_id": "",
                "zones": null
              }
            ],
            "id": "/subscriptions/e09de60a-277c-457b-a89e-5aef32546d28/resourceGroups/VMSS/providers/Microsoft.Network/loadBalancers/vmss-lb",
            "location": "northeurope",
            "name": "vmss-lb",
            "private_ip_address": "",
            "private_ip_addresses": [],
            "resource_group_name": "VMSS",
            "sku": "Basic",
            "sku_tier": "Regional",
            "tags": {
              "environment": "codelab"
            },
            "timeouts": null
          },
          "sensitive_attributes": [],
          "private": "eyJlMmJmYjczMC1lY2FhLTExZTYtOGY4OC0zNDM2M2JjN2M0YzAiOnsiY3JlYXRlIjoxODAwMDAwMDAwMDAwLCJkZWxldGUiOjE4MDAwMDAwMDAwMDAsInJlYWQiOjMwMDAwMDAwMDAwMCwidXBkYXRlIjoxODAwMDAwMDAwMDAwfX0=",
          "dependencies": [
            "azurerm_public_ip.vmss",
            "azurerm_resource_group.vmss",
            "random_string.fqdn"
          ]
        }
      ]
    },
    {
      "mode": "managed",
      "type": "azurerm_lb_backend_address_pool",
      "name": "bpepool",
      "provider": "provider[\"registry.terraform.io/hashicorp/azurerm\"]",
      "instances": [
        {
          "schema_version": 0,
          "attributes": {
            "backend_ip_configurations": [],
            "id": "/subscriptions/e09de60a-277c-457b-a89e-5aef32546d28/resourceGroups/VMSS/providers/Microsoft.Network/loadBalancers/vmss-lb/backendAddressPools/BackEndAddressPool",
            "inbound_nat_rules": [],
            "load_balancing_rules": [],
            "loadbalancer_id": "/subscriptions/e09de60a-277c-457b-a89e-5aef32546d28/resourceGroups/VMSS/providers/Microsoft.Network/loadBalancers/vmss-lb",
            "name": "BackEndAddressPool",
            "outbound_rules": [],
            "timeouts": null,
            "tunnel_interface": []
          },
          "sensitive_attributes": [],
          "private": "eyJlMmJmYjczMC1lY2FhLTExZTYtOGY4OC0zNDM2M2JjN2M0YzAiOnsiY3JlYXRlIjoxODAwMDAwMDAwMDAwLCJkZWxldGUiOjE4MDAwMDAwMDAwMDAsInJlYWQiOjMwMDAwMDAwMDAwMCwidXBkYXRlIjoxODAwMDAwMDAwMDAwfX0=",
          "dependencies": [
            "azurerm_lb.vmss",
            "azurerm_public_ip.vmss",
            "azurerm_resource_group.vmss",
            "random_string.fqdn"
          ]
        }
      ]
    },
    {
      "mode": "managed",
      "type": "azurerm_lb_probe",
      "name": "vmss",
      "provider": "provider[\"registry.terraform.io/hashicorp/azurerm\"]",
      "instances": [
        {
          "schema_version": 0,
          "attributes": {
            "id": "/subscriptions/e09de60a-277c-457b-a89e-5aef32546d28/resourceGroups/VMSS/providers/Microsoft.Network/loadBalancers/vmss-lb/probes/ssh-running-probe",
            "interval_in_seconds": 15,
            "load_balancer_rules": [],
            "loadbalancer_id": "/subscriptions/e09de60a-277c-457b-a89e-5aef32546d28/resourceGroups/VMSS/providers/Microsoft.Network/loadBalancers/vmss-lb",
            "name": "ssh-running-probe",
            "number_of_probes": 2,
            "port": 80,
            "protocol": "Tcp",
            "request_path": "",
            "timeouts": null
          },
          "sensitive_attributes": [],
          "private": "eyJlMmJmYjczMC1lY2FhLTExZTYtOGY4OC0zNDM2M2JjN2M0YzAiOnsiY3JlYXRlIjoxODAwMDAwMDAwMDAwLCJkZWxldGUiOjE4MDAwMDAwMDAwMDAsInJlYWQiOjMwMDAwMDAwMDAwMCwidXBkYXRlIjoxODAwMDAwMDAwMDAwfX0=",
          "dependencies": [
            "azurerm_lb.vmss",
            "azurerm_public_ip.vmss",
            "azurerm_resource_group.vmss",
            "random_string.fqdn"
          ]
        }
      ]
    },
    {
      "mode": "managed",
      "type": "azurerm_lb_rule",
      "name": "lbnatrule",
      "provider": "provider[\"registry.terraform.io/hashicorp/azurerm\"]",
      "instances": [
        {
          "schema_version": 0,
          "attributes": {
            "backend_address_pool_ids": [
              "/subscriptions/e09de60a-277c-457b-a89e-5aef32546d28/resourceGroups/VMSS/providers/Microsoft.Network/loadBalancers/vmss-lb/backendAddressPools/BackEndAddressPool"
            ],
            "backend_port": 80,
            "disable_outbound_snat": false,
            "enable_floating_ip": false,
            "enable_tcp_reset": false,
            "frontend_ip_configuration_id": "/subscriptions/e09de60a-277c-457b-a89e-5aef32546d28/resourceGroups/VMSS/providers/Microsoft.Network/loadBalancers/vmss-lb/frontendIPConfigurations/PublicIPAddress",
            "frontend_ip_configuration_name": "PublicIPAddress",
            "frontend_port": 80,
            "id": "/subscriptions/e09de60a-277c-457b-a89e-5aef32546d28/resourceGroups/VMSS/providers/Microsoft.Network/loadBalancers/vmss-lb/loadBalancingRules/http",
            "idle_timeout_in_minutes": 4,
            "load_distribution": "Default",
            "loadbalancer_id": "/subscriptions/e09de60a-277c-457b-a89e-5aef32546d28/resourceGroups/VMSS/providers/Microsoft.Network/loadBalancers/vmss-lb",
            "name": "http",
            "probe_id": "/subscriptions/e09de60a-277c-457b-a89e-5aef32546d28/resourceGroups/VMSS/providers/Microsoft.Network/loadBalancers/vmss-lb/probes/ssh-running-probe",
            "protocol": "Tcp",
            "timeouts": null
          },
          "sensitive_attributes": [],
          "private": "eyJlMmJmYjczMC1lY2FhLTExZTYtOGY4OC0zNDM2M2JjN2M0YzAiOnsiY3JlYXRlIjoxODAwMDAwMDAwMDAwLCJkZWxldGUiOjE4MDAwMDAwMDAwMDAsInJlYWQiOjMwMDAwMDAwMDAwMCwidXBkYXRlIjoxODAwMDAwMDAwMDAwfX0=",
          "dependencies": [
            "azurerm_lb.vmss",
            "azurerm_lb_backend_address_pool.bpepool",
            "azurerm_lb_probe.vmss",
            "azurerm_public_ip.vmss",
            "azurerm_resource_group.vmss",
            "random_string.fqdn"
          ]
        }
      ]
    },
    {
      "mode": "managed",
      "type": "azurerm_monitor_autoscale_setting",
      "name": "vmss",
      "provider": "provider[\"registry.terraform.io/hashicorp/azurerm\"]",
      "instances": [
        {
          "schema_version": 1,
          "attributes": {
            "enabled": true,
            "id": "/subscriptions/e09de60a-277c-457b-a89e-5aef32546d28/resourceGroups/VMSS/providers/Microsoft.Insights/autoscaleSettings/AutoscaleSetting",
            "location": "northeurope",
            "name": "AutoscaleSetting",
            "notification": [
              {
                "email": [
                  {
                    "custom_emails": [
                      "admin@contoso.com"
                    ],
                    "send_to_subscription_administrator": true,
                    "send_to_subscription_co_administrator": true
                  }
                ],
                "webhook": []
              }
            ],
            "profile": [
              {
                "capacity": [
                  {
                    "default": 2,
                    "maximum": 10,
                    "minimum": 2
                  }
                ],
                "fixed_date": [],
                "name": "defaultProfile",
                "recurrence": [],
                "rule": [
                  {
                    "metric_trigger": [
                      {
                        "dimensions": [
                          {
                            "name": "AppName",
                            "operator": "Equals",
                            "values": [
                              "App1"
                            ]
                          }
                        ],
                        "divide_by_instance_count": false,
                        "metric_name": "Percentage CPU",
                        "metric_namespace": "microsoft.compute/virtualmachinescalesets",
                        "metric_resource_id": "/subscriptions/e09de60a-277c-457b-a89e-5aef32546d28/resourceGroups/VMSS/providers/Microsoft.Compute/virtualMachineScaleSets/VMScaleSet",
                        "operator": "GreaterThan",
                        "statistic": "Average",
                        "threshold": 75,
                        "time_aggregation": "Average",
                        "time_grain": "PT1M",
                        "time_window": "PT5M"
                      }
                    ],
                    "scale_action": [
                      {
                        "cooldown": "PT1M",
                        "direction": "Increase",
                        "type": "ChangeCount",
                        "value": 1
                      }
                    ]
                  },
                  {
                    "metric_trigger": [
                      {
                        "dimensions": [],
                        "divide_by_instance_count": false,
                        "metric_name": "Percentage CPU",
                        "metric_namespace": "",
                        "metric_resource_id": "/subscriptions/e09de60a-277c-457b-a89e-5aef32546d28/resourceGroups/VMSS/providers/Microsoft.Compute/virtualMachineScaleSets/VMScaleSet",
                        "operator": "LessThan",
                        "statistic": "Average",
                        "threshold": 25,
                        "time_aggregation": "Average",
                        "time_grain": "PT1M",
                        "time_window": "PT5M"
                      }
                    ],
                    "scale_action": [
                      {
                        "cooldown": "PT1M",
                        "direction": "Decrease",
                        "type": "ChangeCount",
                        "value": 1
                      }
                    ]
                  }
                ]
              }
            ],
            "resource_group_name": "VMSS",
            "tags": null,
            "target_resource_id": "/subscriptions/e09de60a-277c-457b-a89e-5aef32546d28/resourceGroups/VMSS/providers/Microsoft.Compute/virtualMachineScaleSets/VMScaleSet",
            "timeouts": null
          },
          "sensitive_attributes": [],
          "private": "eyJlMmJmYjczMC1lY2FhLTExZTYtOGY4OC0zNDM2M2JjN2M0YzAiOnsiY3JlYXRlIjoxODAwMDAwMDAwMDAwLCJkZWxldGUiOjE4MDAwMDAwMDAwMDAsInJlYWQiOjMwMDAwMDAwMDAwMCwidXBkYXRlIjoxODAwMDAwMDAwMDAwfSwic2NoZW1hX3ZlcnNpb24iOiIxIn0=",
          "dependencies": [
            "azurerm_lb.vmss",
            "azurerm_lb_backend_address_pool.bpepool",
            "azurerm_public_ip.vmss",
            "azurerm_resource_group.vmss",
            "azurerm_subnet.vmss",
            "azurerm_virtual_machine_scale_set.vmss",
            "azurerm_virtual_network.vmss",
            "random_string.fqdn"
          ]
        }
      ]
    },
    {
      "mode": "managed",
      "type": "azurerm_public_ip",
      "name": "vmss",
      "provider": "provider[\"registry.terraform.io/hashicorp/azurerm\"]",
      "instances": [
        {
          "schema_version": 0,
          "attributes": {
            "allocation_method": "Static",
            "domain_name_label": "clwkql",
            "edge_zone": "",
            "fqdn": "clwkql.northeurope.cloudapp.azure.com",
            "id": "/subscriptions/e09de60a-277c-457b-a89e-5aef32546d28/resourceGroups/VMSS/providers/Microsoft.Network/publicIPAddresses/vmss-public-ip",
            "idle_timeout_in_minutes": 4,
            "ip_address": "4.231.204.176",
            "ip_tags": null,
            "ip_version": "IPv4",
            "location": "northeurope",
            "name": "vmss-public-ip",
            "public_ip_prefix_id": null,
            "resource_group_name": "VMSS",
            "reverse_fqdn": "",
            "sku": "Basic",
            "sku_tier": "Regional",
            "tags": {
              "environment": "codelab"
            },
            "timeouts": null,
            "zones": null
          },
          "sensitive_attributes": [],
          "private": "eyJlMmJmYjczMC1lY2FhLTExZTYtOGY4OC0zNDM2M2JjN2M0YzAiOnsiY3JlYXRlIjoxODAwMDAwMDAwMDAwLCJkZWxldGUiOjE4MDAwMDAwMDAwMDAsInJlYWQiOjMwMDAwMDAwMDAwMCwidXBkYXRlIjoxODAwMDAwMDAwMDAwfX0=",
          "dependencies": [
            "azurerm_resource_group.vmss",
            "random_string.fqdn"
          ]
        }
      ]
    },
    {
      "mode": "managed",
      "type": "azurerm_resource_group",
      "name": "vmss",
      "provider": "provider[\"registry.terraform.io/hashicorp/azurerm\"]",
      "instances": [
        {
          "schema_version": 0,
          "attributes": {
            "id": "/subscriptions/e09de60a-277c-457b-a89e-5aef32546d28/resourceGroups/VMSS",
            "location": "northeurope",
            "name": "VMSS",
            "tags": {
              "environment": "codelab"
            },
            "timeouts": null
          },
          "sensitive_attributes": [],
          "private": "eyJlMmJmYjczMC1lY2FhLTExZTYtOGY4OC0zNDM2M2JjN2M0YzAiOnsiY3JlYXRlIjo1NDAwMDAwMDAwMDAwLCJkZWxldGUiOjU0MDAwMDAwMDAwMDAsInJlYWQiOjMwMDAwMDAwMDAwMCwidXBkYXRlIjo1NDAwMDAwMDAwMDAwfX0="
        }
      ]
    },
    {
      "mode": "managed",
      "type": "azurerm_subnet",
      "name": "vmss",
      "provider": "provider[\"registry.terraform.io/hashicorp/azurerm\"]",
      "instances": [
        {
          "schema_version": 0,
          "attributes": {
            "address_prefixes": [
              "10.0.2.0/24"
            ],
            "delegation": [],
            "enforce_private_link_endpoint_network_policies": false,
            "enforce_private_link_service_network_policies": false,
            "id": "/subscriptions/e09de60a-277c-457b-a89e-5aef32546d28/resourceGroups/VMSS/providers/Microsoft.Network/virtualNetworks/VMSSnet/subnets/vmss-subnet",
            "name": "vmss-subnet",
            "private_endpoint_network_policies_enabled": true,
            "private_link_service_network_policies_enabled": true,
            "resource_group_name": "VMSS",
            "service_endpoint_policy_ids": null,
            "service_endpoints": null,
            "timeouts": null,
            "virtual_network_name": "VMSSnet"
          },
          "sensitive_attributes": [],
          "private": "eyJlMmJmYjczMC1lY2FhLTExZTYtOGY4OC0zNDM2M2JjN2M0YzAiOnsiY3JlYXRlIjoxODAwMDAwMDAwMDAwLCJkZWxldGUiOjE4MDAwMDAwMDAwMDAsInJlYWQiOjMwMDAwMDAwMDAwMCwidXBkYXRlIjoxODAwMDAwMDAwMDAwfX0=",
          "dependencies": [
            "azurerm_resource_group.vmss",
            "azurerm_virtual_network.vmss"
          ]
        }
      ]
    },
    {
      "mode": "managed",
      "type": "azurerm_virtual_machine_scale_set",
      "name": "vmss",
      "provider": "provider[\"registry.terraform.io/hashicorp/azurerm\"]",
      "instances": [
        {
          "schema_version": 1,
          "attributes": {
            "automatic_os_upgrade": false,
            "boot_diagnostics": [],
            "eviction_policy": "",
            "extension": [],
            "health_probe_id": null,
            "id": "/subscriptions/e09de60a-277c-457b-a89e-5aef32546d28/resourceGroups/VMSS/providers/Microsoft.Compute/virtualMachineScaleSets/VMScaleSet",
            "identity": [],
            "license_type": "",
            "location": "northeurope",
            "name": "VMScaleSet",
            "network_profile": [
              {
                "accelerated_networking": false,
                "dns_settings": [
                  {
                    "dns_servers": []
                  }
                ],
                "ip_configuration": [
                  {
                    "application_gateway_backend_address_pool_ids": [],
                    "application_security_group_ids": [],
                    "load_balancer_backend_address_pool_ids": [
                      "/subscriptions/e09de60a-277c-457b-a89e-5aef32546d28/resourceGroups/VMSS/providers/Microsoft.Network/loadBalancers/vmss-lb/backendAddressPools/BackEndAddressPool"
                    ],
                    "load_balancer_inbound_nat_rules_ids": [],
                    "name": "IPConfiguration",
                    "primary": true,
                    "public_ip_address_configuration": [],
                    "subnet_id": "/subscriptions/e09de60a-277c-457b-a89e-5aef32546d28/resourceGroups/VMSS/providers/Microsoft.Network/virtualNetworks/VMSSnet/subnets/vmss-subnet"
                  }
                ],
                "ip_forwarding": false,
                "name": "terraformnetworkprofile",
                "network_security_group_id": "",
                "primary": true
              }
            ],
            "os_profile": [
              {
                "admin_password": "Computer@123",
                "admin_username": "azureuser",
                "computer_name_prefix": "vmlab",
                "custom_data": "I2Nsb3VkLWNvbmZpZw0KcGFja2FnZV91cGdyYWRlOiB0cnVlDQpwYWNrYWdlczoNCiAgLSBvcGVuamRrLTExLWpkaw0KICAtIHRvbWNhdDkNCiAgLSB0b21jYXQ5LWFkbWluDQojIHdyaXRlX2ZpbGVzOg0KIyAgIC0gb3duZXI6IHd3dy1kYXRhOnd3dy1kYXRhDQojICAgICBwYXRoOiAvZXRjL25naW54L3NpdGVzLWF2YWlsYWJsZS9kZWZhdWx0DQojICAgICBjb250ZW50OiB8DQojICAgICAgIHNlcnZlciB7DQojICAgICAgICAgbGlzdGVuIDgwOw0KIyAgICAgICAgIGxvY2F0aW9uIC8gew0KIyAgICAgICAgICAgcHJveHlfcGFzcyBodHRwOi8vbG9jYWxob3N0OjMwMDA7DQojICAgICAgICAgICBwcm94eV9odHRwX3ZlcnNpb24gMS4xOw0KIyAgICAgICAgICAgcHJveHlfc2V0X2hlYWRlciBVcGdyYWRlICRodHRwX3VwZ3JhZGU7DQojICAgICAgICAgICBwcm94eV9zZXRfaGVhZGVyIENvbm5lY3Rpb24ga2VlcC1hbGl2ZTsNCiMgICAgICAgICAgIHByb3h5X3NldF9oZWFkZXIgSG9zdCAkaG9zdDsNCiMgICAgICAgICAgIHByb3h5X2NhY2hlX2J5cGFzcyAkaHR0cF91cGdyYWRlOw0KIyAgICAgICAgIH0NCiMgICAgICAgfQ0KIyAgIC0gb3duZXI6IGF6dXJldXNlcjphenVyZXVzZXINCiMgICAgIHBhdGg6IC9ob21lL2F6dXJldXNlci9teWFwcC9pbmRleC5qcw0KIyAgICAgY29udGVudDogfA0KIyAgICAgICB2YXIgZXhwcmVzcyA9IHJlcXVpcmUoJ2V4cHJlc3MnKQ0KIyAgICAgICB2YXIgYXBwID0gZXhwcmVzcygpDQojICAgICAgIHZhciBvcyA9IHJlcXVpcmUoJ29zJyk7DQojICAgICAgIGFwcC5nZXQoJy8nLCBmdW5jdGlvbiAocmVxLCByZXMpIHsNCiMgICAgICAgICByZXMuc2VuZCgnSGVsbG8gV29ybGQgZnJvbSBob3N0ICcgKyBvcy5ob3N0bmFtZSgpICsgJyEnKQ0KIyAgICAgICB9KQ0KIyAgICAgICBhcHAubGlzdGVuKDMwMDAsIGZ1bmN0aW9uICgpIHsNCiMgICAgICAgICBjb25zb2xlLmxvZygnSGVsbG8gd29ybGQgYXBwIGxpc3RlbmluZyBvbiBwb3J0IDMwMDAhJykNCiMgICAgICAgfSkNCnJ1bmNtZDoNCiAgLSBzdWRvIHNlZCAtaSAtRSAncy84MDgwLzgwL2cnIC92YXIvbGliL3RvbWNhdDkvY29uZi9zZXJ2ZXIueG1sDQogIC0gc3VkbyBzeXN0ZW1jdGwgcmVzdGFydCB0b21jYXQ5DQogICMgLSBjZCAiL2hvbWUvYXp1cmV1c2VyL215YXBwIg0KICAjIC0gbnBtIGluaXQNCiAgIyAtIG5wbSBpbnN0YWxsIGV4cHJlc3MgLXkNCiAgIyAtIG5vZGVqcyBpbmRleC5qcw=="
              }
            ],
            "os_profile_linux_config": [
              {
                "disable_password_authentication": false,
                "ssh_keys": []
              }
            ],
            "os_profile_secrets": [],
            "os_profile_windows_config": [],
            "overprovision": true,
            "plan": [],
            "priority": "",
            "proximity_placement_group_id": null,
            "resource_group_name": "VMSS",
            "rolling_upgrade_policy": [],
            "single_placement_group": true,
            "sku": [
              {
                "capacity": 2,
                "name": "Standard_B1S",
                "tier": "Standard"
              }
            ],
            "storage_profile_data_disk": [
              {
                "caching": "ReadWrite",
                "create_option": "Empty",
                "disk_size_gb": 10,
                "lun": 0,
                "managed_disk_type": "Standard_LRS"
              }
            ],
            "storage_profile_image_reference": [
              {
                "id": "",
                "offer": "0001-com-ubuntu-server-focal",
                "publisher": "Canonical",
                "sku": "20_04-lts-gen2",
                "version": "latest"
              }
            ],
            "storage_profile_os_disk": [
              {
                "caching": "ReadWrite",
                "create_option": "FromImage",
                "image": "",
                "managed_disk_type": "Standard_LRS",
                "name": "",
                "os_type": "",
                "vhd_containers": []
              }
            ],
            "tags": {
              "environment": "codelab"
            },
            "timeouts": null,
            "upgrade_policy_mode": "Manual",
            "zones": null
          },
          "sensitive_attributes": [],
          "private": "eyJlMmJmYjczMC1lY2FhLTExZTYtOGY4OC0zNDM2M2JjN2M0YzAiOnsiY3JlYXRlIjozNjAwMDAwMDAwMDAwLCJkZWxldGUiOjM2MDAwMDAwMDAwMDAsInJlYWQiOjMwMDAwMDAwMDAwMCwidXBkYXRlIjozNjAwMDAwMDAwMDAwfSwic2NoZW1hX3ZlcnNpb24iOiIxIn0=",
          "dependencies": [
            "azurerm_lb.vmss",
            "azurerm_lb_backend_address_pool.bpepool",
            "azurerm_public_ip.vmss",
            "azurerm_resource_group.vmss",
            "azurerm_subnet.vmss",
            "azurerm_virtual_network.vmss",
            "random_string.fqdn"
          ]
        }
      ]
    },
    {
      "mode": "managed",
      "type": "azurerm_virtual_network",
      "name": "vmss",
      "provider": "provider[\"registry.terraform.io/hashicorp/azurerm\"]",
      "instances": [
        {
          "schema_version": 0,
          "attributes": {
            "address_space": [
              "10.0.0.0/16"
            ],
            "bgp_community": "",
            "ddos_protection_plan": [],
            "dns_servers": [],
            "edge_zone": "",
            "flow_timeout_in_minutes": 0,
            "guid": "8f150d7a-23db-484f-837f-f616aa9641a1",
            "id": "/subscriptions/e09de60a-277c-457b-a89e-5aef32546d28/resourceGroups/VMSS/providers/Microsoft.Network/virtualNetworks/VMSSnet",
            "location": "northeurope",
            "name": "VMSSnet",
            "resource_group_name": "VMSS",
            "subnet": [],
            "tags": {
              "environment": "codelab"
            },
            "timeouts": null
          },
          "sensitive_attributes": [],
          "private": "eyJlMmJmYjczMC1lY2FhLTExZTYtOGY4OC0zNDM2M2JjN2M0YzAiOnsiY3JlYXRlIjoxODAwMDAwMDAwMDAwLCJkZWxldGUiOjE4MDAwMDAwMDAwMDAsInJlYWQiOjMwMDAwMDAwMDAwMCwidXBkYXRlIjoxODAwMDAwMDAwMDAwfX0=",
          "dependencies": [
            "azurerm_resource_group.vmss"
          ]
        }
      ]
    },
    {
      "mode": "managed",
      "type": "random_string",
      "name": "fqdn",
      "provider": "provider[\"registry.terraform.io/hashicorp/random\"]",
      "instances": [
        {
          "schema_version": 2,
          "attributes": {
            "id": "clwkql",
            "keepers": null,
            "length": 6,
            "lower": true,
            "min_lower": 0,
            "min_numeric": 0,
            "min_special": 0,
            "min_upper": 0,
            "number": false,
            "numeric": false,
            "override_special": null,
            "result": "clwkql",
            "special": false,
            "upper": false
          },
          "sensitive_attributes": []
        }
      ]
    }
  ],
  "check_results": []
}
